schema: '2.0'
stages:
  data_ingestion:
    cmd: python src/data_ingestion.py
    deps:
    - path: experiments/spam.csv
      hash: md5
      md5: f10885f3e274a202196a88cb8bb3e15e
      size: 499322
    - path: params.yaml
      hash: md5
      md5: 4661fc0dd6cf68da67f8be87a0a8e98d
      size: 134
    - path: src/data_ingestion.py
      hash: md5
      md5: 80c8264734f31112059c8b01a796da21
      size: 3650
    params:
      params.yaml:
        data_ingestion.test_size: 0.21
    outs:
    - path: data/raw
      hash: md5
      md5: 4f8ed12448f912122e61579897c4099f.dir
      size: 484846
      nfiles: 2
  data_preprocessing:
    cmd: python src/data_preprocessing.py
    deps:
    - path: data/raw
      hash: md5
      md5: 4f8ed12448f912122e61579897c4099f.dir
      size: 484846
      nfiles: 2
    - path: src/data_preprocessing.py
      hash: md5
      md5: ae0059b79590609927f72e3c373f1865
      size: 3973
    outs:
    - path: data/interim
      hash: md5
      md5: 27ef7d3a4212b04c2c9565d53b4eddfa.dir
      size: 260656
      nfiles: 2
  feature_engineering:
    cmd: python src/feature_engineering.py
    deps:
    - path: data/interim
      hash: md5
      md5: 27ef7d3a4212b04c2c9565d53b4eddfa.dir
      size: 260656
      nfiles: 2
    - path: params.yaml
      hash: md5
      md5: 4661fc0dd6cf68da67f8be87a0a8e98d
      size: 134
    - path: src/feature_engineering.py
      hash: md5
      md5: 1647a2a9ba91129720c42407b5c63676
      size: 4141
    params:
      params.yaml:
        feature_engineering.max_features: 30
    outs:
    - path: data/processed
      hash: md5
      md5: 124d622524ccbc1426341f4d64b8a922.dir
      size: 835509
      nfiles: 2
  model_building:
    cmd: python src/model_building.py
    deps:
    - path: data/processed
      hash: md5
      md5: 124d622524ccbc1426341f4d64b8a922.dir
      size: 835509
      nfiles: 2
    - path: params.yaml
      hash: md5
      md5: 4661fc0dd6cf68da67f8be87a0a8e98d
      size: 134
    - path: src/model_building.py
      hash: md5
      md5: f8e73e2869a2bbe63a7e9fec165f85b4
      size: 4576
    params:
      params.yaml:
        model_building.n_estimators: 22
        model_building.random_state: 2
    outs:
    - path: models/model.pkl
      hash: md5
      md5: 4358006103c52a7f9c27006f64e1b43d
      size: 728796
  model_evaluation:
    cmd: python src/model_evaluation.py
    deps:
    - path: data/processed/test_tfidf.csv
      hash: md5
      md5: bd4be383b79d4cff1f404fdf986eb765
      size: 183027
    - path: models/model.pkl
      hash: md5
      md5: 4358006103c52a7f9c27006f64e1b43d
      size: 728796
    - path: src/model_evaluation.py
      hash: md5
      md5: fddcacce847785b5c12688acafe31d25
      size: 4588
    outs:
    - path: reports/metrics.json
      hash: md5
      md5: 2a15ce7246d727a0ab868eb14d03d76c
      size: 119
