schema: '2.0'
stages:
  data_ingestion:
    cmd: python src/data_ingestion.py
    deps:
    - path: experiments/spam.csv
      hash: md5
      md5: f10885f3e274a202196a88cb8bb3e15e
      size: 499322
    - path: params.yaml
      hash: md5
      md5: 3a693acee191a77b2b6b9198bb97d3da
      size: 134
    - path: src/data_ingestion.py
      hash: md5
      md5: 80c8264734f31112059c8b01a796da21
      size: 3650
    params:
      params.yaml:
        data_ingestion.test_size: 0.3
    outs:
    - path: data/raw
      hash: md5
      md5: d26befd2dda9438254177d9000d9ba1f.dir
      size: 484846
      nfiles: 2
  data_preprocessing:
    cmd: python src/data_preprocessing.py
    deps:
    - path: data/raw
      hash: md5
      md5: d26befd2dda9438254177d9000d9ba1f.dir
      size: 484846
      nfiles: 2
    - path: src/data_preprocessing.py
      hash: md5
      md5: ae0059b79590609927f72e3c373f1865
      size: 3973
    outs:
    - path: data/interim
      hash: md5
      md5: 1d87f8ef6a306b1fc6de45ac2aea5293.dir
      size: 262675
      nfiles: 2
  feature_engineering:
    cmd: python src/feature_engineering.py
    deps:
    - path: data/interim
      hash: md5
      md5: 1d87f8ef6a306b1fc6de45ac2aea5293.dir
      size: 262675
      nfiles: 2
    - path: params.yaml
      hash: md5
      md5: 3a693acee191a77b2b6b9198bb97d3da
      size: 134
    - path: src/feature_engineering.py
      hash: md5
      md5: 1647a2a9ba91129720c42407b5c63676
      size: 4141
    params:
      params.yaml:
        feature_engineering.max_features: 31
    outs:
    - path: data/processed
      hash: md5
      md5: 76daa8f67c43c3f45cd05d7ff4c577eb.dir
      size: 794246
      nfiles: 2
  model_building:
    cmd: python src/model_building.py
    deps:
    - path: data/processed
      hash: md5
      md5: 76daa8f67c43c3f45cd05d7ff4c577eb.dir
      size: 794246
      nfiles: 2
    - path: params.yaml
      hash: md5
      md5: 3a693acee191a77b2b6b9198bb97d3da
      size: 134
    - path: src/model_building.py
      hash: md5
      md5: f8e73e2869a2bbe63a7e9fec165f85b4
      size: 4576
    params:
      params.yaml:
        model_building.n_estimators: 25
        model_building.random_state: 2
    outs:
    - path: models/model.pkl
      hash: md5
      md5: d955dba05ee5d3d98caccc7c17ef8a05
      size: 638049
  model_evaluation:
    cmd: python src/model_evaluation.py
    deps:
    - path: data/processed/test_tfidf.csv
      hash: md5
      md5: 3924541f3e8e5c03954ba82450748f6e
      size: 246093
    - path: models/model.pkl
      hash: md5
      md5: d955dba05ee5d3d98caccc7c17ef8a05
      size: 638049
    - path: src/model_evaluation.py
      hash: md5
      md5: fddcacce847785b5c12688acafe31d25
      size: 4588
    outs:
    - path: reports/metrics.json
      hash: md5
      md5: df29750cf54e74023d6f3a53ea9a0f76
      size: 145
